
Microsoft Visual Studio Solution File, Format Version 12.00
# Visual Studio 14
VisualStudioVersion = 14.0.25420.1
MinimumVisualStudioVersion = 10.0.40219.1
Project("{8BC9CEB8-8B4A-11D0-8D11-00A0C91BC942}") = "ProcessHollowing", "ProcessHollowing\ProcessHollowing.vcxproj", "{933D998D-38C4-43DE-8F9E-019E4C23D939}"
EndProject
Project("{8BC9CEB8-8B4A-11D0-8D11-00A0C91BC942}") = "InjectedProc", "InjectedProc\InjectedProc.vcxproj", "{CD2480D2-098F-435B-B015-73BB9B8E6D0F}"
EndProject
Project("{8BC9CEB8-8B4A-11D0-8D11-00A0C91BC942}") = "APCInjection", "APCInjection\APCInjection.vcxproj", "{9C70438B-1D48-4357-9D43-2CD5C619B1FA}"
EndProject
Project("{8BC9CEB8-8B4A-11D0-8D11-00A0C91BC942}") = "InjectedDll", "InjectedDll\InjectedDll.vcxproj", "{122447C8-6603-467C-8BA3-3BEE6787E295}"
EndProject
Project("{8BC9CEB8-8B4A-11D0-8D11-00A0C91BC942}") = "SleepingProc", "SleepingProc\SleepingProc.vcxproj", "{6493F5D6-2E4B-4CF5-BF11-090FECBF504D}"
EndProject
Global
	GlobalSection(SolutionConfigurationPlatforms) = preSolution
		Debug|x64 = Debug|x64
		Debug|x86 = Debug|x86
		Release|x64 = Release|x64
		Release|x86 = Release|x86
	EndGlobalSection
	GlobalSection(ProjectConfigurationPlatforms) = postSolution
		{933D998D-38C4-43DE-8F9E-019E4C23D939}.Debug|x64.ActiveCfg = Debug|x64
		{933D998D-38C4-43DE-8F9E-019E4C23D939}.Debug|x64.Build.0 = Debug|x64
		{933D998D-38C4-43DE-8F9E-019E4C23D939}.Debug|x86.ActiveCfg = Debug|Win32
		{933D998D-38C4-43DE-8F9E-019E4C23D939}.Debug|x86.Build.0 = Debug|Win32
		{933D998D-38C4-43DE-8F9E-019E4C23D939}.Release|x64.ActiveCfg = Release|x64
		{933D998D-38C4-43DE-8F9E-019E4C23D939}.Release|x64.Build.0 = Release|x64
		{933D998D-38C4-43DE-8F9E-019E4C23D939}.Release|x86.ActiveCfg = Release|Win32
		{933D998D-38C4-43DE-8F9E-019E4C23D939}.Release|x86.Build.0 = Release|Win32
		{CD2480D2-098F-435B-B015-73BB9B8E6D0F}.Debug|x64.ActiveCfg = Debug|x64
		{CD2480D2-098F-435B-B015-73BB9B8E6D0F}.Debug|x64.Build.0 = Debug|x64
		{CD2480D2-098F-435B-B015-73BB9B8E6D0F}.Debug|x86.ActiveCfg = Debug|Win32
		{CD2480D2-098F-435B-B015-73BB9B8E6D0F}.Debug|x86.Build.0 = Debug|Win32
		{CD2480D2-098F-435B-B015-73BB9B8E6D0F}.Release|x64.ActiveCfg = Release|x64
		{CD2480D2-098F-435B-B015-73BB9B8E6D0F}.Release|x64.Build.0 = Release|x64
		{CD2480D2-098F-435B-B015-73BB9B8E6D0F}.Release|x86.ActiveCfg = Release|Win32
		{CD2480D2-098F-435B-B015-73BB9B8E6D0F}.Release|x86.Build.0 = Release|Win32
		{9C70438B-1D48-4357-9D43-2CD5C619B1FA}.Debug|x64.ActiveCfg = Debug|x64
		{9C70438B-1D48-4357-9D43-2CD5C619B1FA}.Debug|x64.Build.0 = Debug|x64
		{9C70438B-1D48-4357-9D43-2CD5C619B1FA}.Debug|x86.ActiveCfg = Debug|Win32
		{9C70438B-1D48-4357-9D43-2CD5C619B1FA}.Debug|x86.Build.0 = Debug|Win32
		{9C70438B-1D48-4357-9D43-2CD5C619B1FA}.Release|x64.ActiveCfg = Release|x64
		{9C70438B-1D48-4357-9D43-2CD5C619B1FA}.Release|x64.Build.0 = Release|x64
		{9C70438B-1D48-4357-9D43-2CD5C619B1FA}.Release|x86.ActiveCfg = Release|Win32
		{9C70438B-1D48-4357-9D43-2CD5C619B1FA}.Release|x86.Build.0 = Release|Win32
		{122447C8-6603-467C-8BA3-3BEE6787E295}.Debug|x64.ActiveCfg = Debug|x64
		{122447C8-6603-467C-8BA3-3BEE6787E295}.Debug|x64.Build.0 = Debug|x64
		{122447C8-6603-467C-8BA3-3BEE6787E295}.Debug|x86.ActiveCfg = Debug|Win32
		{122447C8-6603-467C-8BA3-3BEE6787E295}.Debug|x86.Build.0 = Debug|Win32
		{122447C8-6603-467C-8BA3-3BEE6787E295}.Release|x64.ActiveCfg = Release|x64
		{122447C8-6603-467C-8BA3-3BEE6787E295}.Release|x64.Build.0 = Release|x64
		{122447C8-6603-467C-8BA3-3BEE6787E295}.Release|x86.ActiveCfg = Release|Win32
		{122447C8-6603-467C-8BA3-3BEE6787E295}.Release|x86.Build.0 = Release|Win32
		{6493F5D6-2E4B-4CF5-BF11-090FECBF504D}.Debug|x64.ActiveCfg = Debug|x64
		{6493F5D6-2E4B-4CF5-BF11-090FECBF504D}.Debug|x64.Build.0 = Debug|x64
		{6493F5D6-2E4B-4CF5-BF11-090FECBF504D}.Debug|x86.ActiveCfg = Debug|Win32
		{6493F5D6-2E4B-4CF5-BF11-090FECBF504D}.Debug|x86.Build.0 = Debug|Win32
		{6493F5D6-2E4B-4CF5-BF11-090FECBF504D}.Release|x64.ActiveCfg = Release|x64
		{6493F5D6-2E4B-4CF5-BF11-090FECBF504D}.Release|x64.Build.0 = Release|x64
		{6493F5D6-2E4B-4CF5-BF11-090FECBF504D}.Release|x86.ActiveCfg = Release|Win32
		{6493F5D6-2E4B-4CF5-BF11-090FECBF504D}.Release|x86.Build.0 = Release|Win32
	EndGlobalSection
	GlobalSection(SolutionProperties) = preSolution
		HideSolutionNode = FALSE
	EndGlobalSection
EndGlobal
